// !$*UTF8*$!
{
	archiveVersion = 1;
	classes = {
	};
	objectVersion = 46;
	objects = {

/* Begin PBXBuildFile section */
		43021D461A471D4C006D5EC3 /* JourneyViewController.m in Sources */ = {isa = PBXBuildFile; fileRef = 43021D451A471D4C006D5EC3 /* JourneyViewController.m */; };
		43021D571A471D60006D5EC3 /* OVAgency.m in Sources */ = {isa = PBXBuildFile; fileRef = 43021D481A471D60006D5EC3 /* OVAgency.m */; };
		43021D581A471D60006D5EC3 /* OVDataController.m in Sources */ = {isa = PBXBuildFile; fileRef = 43021D4A1A471D60006D5EC3 /* OVDataController.m */; };
		43021D591A471D60006D5EC3 /* OVJourneyPattern.m in Sources */ = {isa = PBXBuildFile; fileRef = 43021D4C1A471D60006D5EC3 /* OVJourneyPattern.m */; };
		43021D5A1A471D60006D5EC3 /* OVObject.m in Sources */ = {isa = PBXBuildFile; fileRef = 43021D4E1A471D60006D5EC3 /* OVObject.m */; };
		43021D5B1A471D60006D5EC3 /* OVStop.m in Sources */ = {isa = PBXBuildFile; fileRef = 43021D501A471D60006D5EC3 /* OVStop.m */; };
		43021D5C1A471D60006D5EC3 /* OVStopAct.m in Sources */ = {isa = PBXBuildFile; fileRef = 43021D521A471D60006D5EC3 /* OVStopAct.m */; };
		43021D5D1A471D60006D5EC3 /* OVTransfer.m in Sources */ = {isa = PBXBuildFile; fileRef = 43021D541A471D60006D5EC3 /* OVTransfer.m */; };
		43021D601A471E1A006D5EC3 /* timetable.dat in Resources */ = {isa = PBXBuildFile; fileRef = 43021D5F1A471E1A006D5EC3 /* timetable.dat */; };
		4357AAC61A48397C009D47F7 /* tdata_io_v3_mmap.c in Sources */ = {isa = PBXBuildFile; fileRef = 4357AAC41A48397C009D47F7 /* tdata_io_v3_mmap.c */; };
		4357AACB1A484608009D47F7 /* router_request.c in Sources */ = {isa = PBXBuildFile; fileRef = 4357AAC71A484608009D47F7 /* router_request.c */; };
		4357AACC1A484608009D47F7 /* router_result.c in Sources */ = {isa = PBXBuildFile; fileRef = 4357AAC91A484608009D47F7 /* router_result.c */; };
		4367A12C1A470C6100E8E439 /* AppDelegate.m in Sources */ = {isa = PBXBuildFile; fileRef = 4367A12B1A470C6100E8E439 /* AppDelegate.m */; };
		4367A12E1A470C6100E8E439 /* main.m in Sources */ = {isa = PBXBuildFile; fileRef = 4367A12D1A470C6100E8E439 /* main.m */; };
		4367A1311A470C6100E8E439 /* ViewController.m in Sources */ = {isa = PBXBuildFile; fileRef = 4367A1301A470C6100E8E439 /* ViewController.m */; };
		4367A1331A470C6100E8E439 /* Images.xcassets in Resources */ = {isa = PBXBuildFile; fileRef = 4367A1321A470C6100E8E439 /* Images.xcassets */; };
		4367A1361A470C6200E8E439 /* Main.storyboard in Resources */ = {isa = PBXBuildFile; fileRef = 4367A1341A470C6200E8E439 /* Main.storyboard */; };
		4367A1421A470C6200E8E439 /* TimetableBrowserTests.m in Sources */ = {isa = PBXBuildFile; fileRef = 4367A1411A470C6200E8E439 /* TimetableBrowserTests.m */; };
		4391B9CB1A482C39008B89C6 /* bitset.c in Sources */ = {isa = PBXBuildFile; fileRef = 4391B9BD1A482C39008B89C6 /* bitset.c */; };
		4391B9CC1A482C39008B89C6 /* geometry.c in Sources */ = {isa = PBXBuildFile; fileRef = 4391B9C01A482C39008B89C6 /* geometry.c */; };
		4391B9CD1A482C39008B89C6 /* hashgrid.c in Sources */ = {isa = PBXBuildFile; fileRef = 4391B9C21A482C39008B89C6 /* hashgrid.c */; };
		4391B9CE1A482C39008B89C6 /* router.c in Sources */ = {isa = PBXBuildFile; fileRef = 4391B9C41A482C39008B89C6 /* router.c */; };
		4391B9CF1A482C39008B89C6 /* tdata.c in Sources */ = {isa = PBXBuildFile; fileRef = 4391B9C71A482C39008B89C6 /* tdata.c */; };
		4391B9D01A482C39008B89C6 /* util.c in Sources */ = {isa = PBXBuildFile; fileRef = 4391B9C91A482C39008B89C6 /* util.c */; };
		C65276491A47C698008E437C /* MareyView.m in Sources */ = {isa = PBXBuildFile; fileRef = C65276481A47C698008E437C /* MareyView.m */; };
		C652764B1A47C72B008E437C /* fontstash.c in Sources */ = {isa = PBXBuildFile; fileRef = C652764A1A47C72B008E437C /* fontstash.c */; };
		C652764E1A47C742008E437C /* stb_truetype.c in Sources */ = {isa = PBXBuildFile; fileRef = C652764D1A47C742008E437C /* stb_truetype.c */; };
		C65276511A47C7FD008E437C /* DroidSerif-Regular.ttf in Resources */ = {isa = PBXBuildFile; fileRef = C65276501A47C7D5008E437C /* DroidSerif-Regular.ttf */; };
		C67D305A1A4A4C4A00B43229 /* OVVehicleJourney.m in Sources */ = {isa = PBXBuildFile; fileRef = C67D30591A4A4C4A00B43229 /* OVVehicleJourney.m */; };
/* End PBXBuildFile section */

/* Begin PBXContainerItemProxy section */
		4367A13C1A470C6200E8E439 /* PBXContainerItemProxy */ = {
			isa = PBXContainerItemProxy;
			containerPortal = 4367A11D1A470C6100E8E439 /* Project object */;
			proxyType = 1;
			remoteGlobalIDString = 4367A1241A470C6100E8E439;
			remoteInfo = TimetableBrowser;
		};
/* End PBXContainerItemProxy section */

/* Begin PBXFileReference section */
		43021D441A471D4C006D5EC3 /* JourneyViewController.h */ = {isa = PBXFileReference; fileEncoding = 4; lastKnownFileType = sourcecode.c.h; path = JourneyViewController.h; sourceTree = "<group>"; };
		43021D451A471D4C006D5EC3 /* JourneyViewController.m */ = {isa = PBXFileReference; fileEncoding = 4; lastKnownFileType = sourcecode.c.objc; path = JourneyViewController.m; sourceTree = "<group>"; };
		43021D471A471D60006D5EC3 /* OVAgency.h */ = {isa = PBXFileReference; fileEncoding = 4; lastKnownFileType = sourcecode.c.h; name = OVAgency.h; path = ../../rrrr_cocoa_wrapper/OVAgency.h; sourceTree = "<group>"; };
		43021D481A471D60006D5EC3 /* OVAgency.m */ = {isa = PBXFileReference; fileEncoding = 4; lastKnownFileType = sourcecode.c.objc; name = OVAgency.m; path = ../../rrrr_cocoa_wrapper/OVAgency.m; sourceTree = "<group>"; };
		43021D491A471D60006D5EC3 /* OVDataController.h */ = {isa = PBXFileReference; fileEncoding = 4; lastKnownFileType = sourcecode.c.h; name = OVDataController.h; path = ../../rrrr_cocoa_wrapper/OVDataController.h; sourceTree = "<group>"; };
		43021D4A1A471D60006D5EC3 /* OVDataController.m */ = {isa = PBXFileReference; fileEncoding = 4; lastKnownFileType = sourcecode.c.objc; name = OVDataController.m; path = ../../rrrr_cocoa_wrapper/OVDataController.m; sourceTree = "<group>"; };
		43021D4B1A471D60006D5EC3 /* OVJourneyPattern.h */ = {isa = PBXFileReference; fileEncoding = 4; lastKnownFileType = sourcecode.c.h; name = OVJourneyPattern.h; path = ../../rrrr_cocoa_wrapper/OVJourneyPattern.h; sourceTree = "<group>"; };
		43021D4C1A471D60006D5EC3 /* OVJourneyPattern.m */ = {isa = PBXFileReference; fileEncoding = 4; lastKnownFileType = sourcecode.c.objc; name = OVJourneyPattern.m; path = ../../rrrr_cocoa_wrapper/OVJourneyPattern.m; sourceTree = "<group>"; };
		43021D4D1A471D60006D5EC3 /* OVObject.h */ = {isa = PBXFileReference; fileEncoding = 4; lastKnownFileType = sourcecode.c.h; name = OVObject.h; path = ../../rrrr_cocoa_wrapper/OVObject.h; sourceTree = "<group>"; };
		43021D4E1A471D60006D5EC3 /* OVObject.m */ = {isa = PBXFileReference; fileEncoding = 4; lastKnownFileType = sourcecode.c.objc; name = OVObject.m; path = ../../rrrr_cocoa_wrapper/OVObject.m; sourceTree = "<group>"; };
		43021D4F1A471D60006D5EC3 /* OVStop.h */ = {isa = PBXFileReference; fileEncoding = 4; lastKnownFileType = sourcecode.c.h; name = OVStop.h; path = ../../rrrr_cocoa_wrapper/OVStop.h; sourceTree = "<group>"; };
		43021D501A471D60006D5EC3 /* OVStop.m */ = {isa = PBXFileReference; fileEncoding = 4; lastKnownFileType = sourcecode.c.objc; name = OVStop.m; path = ../../rrrr_cocoa_wrapper/OVStop.m; sourceTree = "<group>"; };
		43021D511A471D60006D5EC3 /* OVStopAct.h */ = {isa = PBXFileReference; fileEncoding = 4; lastKnownFileType = sourcecode.c.h; name = OVStopAct.h; path = ../../rrrr_cocoa_wrapper/OVStopAct.h; sourceTree = "<group>"; };
		43021D521A471D60006D5EC3 /* OVStopAct.m */ = {isa = PBXFileReference; fileEncoding = 4; lastKnownFileType = sourcecode.c.objc; name = OVStopAct.m; path = ../../rrrr_cocoa_wrapper/OVStopAct.m; sourceTree = "<group>"; };
		43021D531A471D60006D5EC3 /* OVTransfer.h */ = {isa = PBXFileReference; fileEncoding = 4; lastKnownFileType = sourcecode.c.h; name = OVTransfer.h; path = ../../rrrr_cocoa_wrapper/OVTransfer.h; sourceTree = "<group>"; };
		43021D541A471D60006D5EC3 /* OVTransfer.m */ = {isa = PBXFileReference; fileEncoding = 4; lastKnownFileType = sourcecode.c.objc; name = OVTransfer.m; path = ../../rrrr_cocoa_wrapper/OVTransfer.m; sourceTree = "<group>"; };
		43021D5F1A471E1A006D5EC3 /* timetable.dat */ = {isa = PBXFileReference; lastKnownFileType = file; name = timetable.dat; path = ../../timetable/timetable.dat; sourceTree = "<group>"; };
		4357AAC41A48397C009D47F7 /* tdata_io_v3_mmap.c */ = {isa = PBXFileReference; fileEncoding = 4; lastKnownFileType = sourcecode.c.c; name = tdata_io_v3_mmap.c; path = ../../rrrr/tdata_io_v3_mmap.c; sourceTree = "<group>"; };
		4357AAC51A48397C009D47F7 /* tdata_io_v3.h */ = {isa = PBXFileReference; fileEncoding = 4; lastKnownFileType = sourcecode.c.h; name = tdata_io_v3.h; path = ../../rrrr/tdata_io_v3.h; sourceTree = "<group>"; };
		4357AAC71A484608009D47F7 /* router_request.c */ = {isa = PBXFileReference; fileEncoding = 4; lastKnownFileType = sourcecode.c.c; name = router_request.c; path = ../../rrrr/router_request.c; sourceTree = "<group>"; };
		4357AAC81A484608009D47F7 /* router_request.h */ = {isa = PBXFileReference; fileEncoding = 4; lastKnownFileType = sourcecode.c.h; name = router_request.h; path = ../../rrrr/router_request.h; sourceTree = "<group>"; };
		4357AAC91A484608009D47F7 /* router_result.c */ = {isa = PBXFileReference; fileEncoding = 4; lastKnownFileType = sourcecode.c.c; name = router_result.c; path = ../../rrrr/router_result.c; sourceTree = "<group>"; };
		4357AACA1A484608009D47F7 /* router_result.h */ = {isa = PBXFileReference; fileEncoding = 4; lastKnownFileType = sourcecode.c.h; name = router_result.h; path = ../../rrrr/router_result.h; sourceTree = "<group>"; };
		4367A1251A470C6100E8E439 /* TimetableBrowser.app */ = {isa = PBXFileReference; explicitFileType = wrapper.application; includeInIndex = 0; path = TimetableBrowser.app; sourceTree = BUILT_PRODUCTS_DIR; };
		4367A1291A470C6100E8E439 /* Info.plist */ = {isa = PBXFileReference; lastKnownFileType = text.plist.xml; path = Info.plist; sourceTree = "<group>"; };
		4367A12A1A470C6100E8E439 /* AppDelegate.h */ = {isa = PBXFileReference; lastKnownFileType = sourcecode.c.h; path = AppDelegate.h; sourceTree = "<group>"; };
		4367A12B1A470C6100E8E439 /* AppDelegate.m */ = {isa = PBXFileReference; lastKnownFileType = sourcecode.c.objc; path = AppDelegate.m; sourceTree = "<group>"; };
		4367A12D1A470C6100E8E439 /* main.m */ = {isa = PBXFileReference; lastKnownFileType = sourcecode.c.objc; path = main.m; sourceTree = "<group>"; };
		4367A12F1A470C6100E8E439 /* ViewController.h */ = {isa = PBXFileReference; lastKnownFileType = sourcecode.c.h; path = ViewController.h; sourceTree = "<group>"; };
		4367A1301A470C6100E8E439 /* ViewController.m */ = {isa = PBXFileReference; lastKnownFileType = sourcecode.c.objc; path = ViewController.m; sourceTree = "<group>"; };
		4367A1321A470C6100E8E439 /* Images.xcassets */ = {isa = PBXFileReference; lastKnownFileType = folder.assetcatalog; path = Images.xcassets; sourceTree = "<group>"; };
		4367A1351A470C6200E8E439 /* Base */ = {isa = PBXFileReference; lastKnownFileType = file.storyboard; name = Base; path = Base.lproj/Main.storyboard; sourceTree = "<group>"; };
		4367A13B1A470C6200E8E439 /* TimetableBrowserTests.xctest */ = {isa = PBXFileReference; explicitFileType = wrapper.cfbundle; includeInIndex = 0; path = TimetableBrowserTests.xctest; sourceTree = BUILT_PRODUCTS_DIR; };
		4367A1401A470C6200E8E439 /* Info.plist */ = {isa = PBXFileReference; lastKnownFileType = text.plist.xml; path = Info.plist; sourceTree = "<group>"; };
		4367A1411A470C6200E8E439 /* TimetableBrowserTests.m */ = {isa = PBXFileReference; lastKnownFileType = sourcecode.c.objc; path = TimetableBrowserTests.m; sourceTree = "<group>"; };
		4391B9BD1A482C39008B89C6 /* bitset.c */ = {isa = PBXFileReference; fileEncoding = 4; lastKnownFileType = sourcecode.c.c; name = bitset.c; path = ../../rrrr/bitset.c; sourceTree = "<group>"; };
		4391B9BE1A482C39008B89C6 /* bitset.h */ = {isa = PBXFileReference; fileEncoding = 4; lastKnownFileType = sourcecode.c.h; name = bitset.h; path = ../../rrrr/bitset.h; sourceTree = "<group>"; };
		4391B9BF1A482C39008B89C6 /* config.h */ = {isa = PBXFileReference; fileEncoding = 4; lastKnownFileType = sourcecode.c.h; name = config.h; path = ../../rrrr/config.h; sourceTree = "<group>"; };
		4391B9C01A482C39008B89C6 /* geometry.c */ = {isa = PBXFileReference; fileEncoding = 4; lastKnownFileType = sourcecode.c.c; name = geometry.c; path = ../../rrrr/geometry.c; sourceTree = "<group>"; };
		4391B9C11A482C39008B89C6 /* geometry.h */ = {isa = PBXFileReference; fileEncoding = 4; lastKnownFileType = sourcecode.c.h; name = geometry.h; path = ../../rrrr/geometry.h; sourceTree = "<group>"; };
		4391B9C21A482C39008B89C6 /* hashgrid.c */ = {isa = PBXFileReference; fileEncoding = 4; lastKnownFileType = sourcecode.c.c; name = hashgrid.c; path = ../../rrrr/hashgrid.c; sourceTree = "<group>"; };
		4391B9C31A482C39008B89C6 /* hashgrid.h */ = {isa = PBXFileReference; fileEncoding = 4; lastKnownFileType = sourcecode.c.h; name = hashgrid.h; path = ../../rrrr/hashgrid.h; sourceTree = "<group>"; };
		4391B9C41A482C39008B89C6 /* router.c */ = {isa = PBXFileReference; fileEncoding = 4; lastKnownFileType = sourcecode.c.c; name = router.c; path = ../../rrrr/router.c; sourceTree = "<group>"; };
		4391B9C51A482C39008B89C6 /* router.h */ = {isa = PBXFileReference; fileEncoding = 4; lastKnownFileType = sourcecode.c.h; name = router.h; path = ../../rrrr/router.h; sourceTree = "<group>"; };
		4391B9C71A482C39008B89C6 /* tdata.c */ = {isa = PBXFileReference; fileEncoding = 4; lastKnownFileType = sourcecode.c.c; name = tdata.c; path = ../../rrrr/tdata.c; sourceTree = "<group>"; };
		4391B9C81A482C39008B89C6 /* tdata.h */ = {isa = PBXFileReference; fileEncoding = 4; lastKnownFileType = sourcecode.c.h; name = tdata.h; path = ../../rrrr/tdata.h; sourceTree = "<group>"; };
		4391B9C91A482C39008B89C6 /* util.c */ = {isa = PBXFileReference; fileEncoding = 4; lastKnownFileType = sourcecode.c.c; name = util.c; path = ../../rrrr/util.c; sourceTree = "<group>"; };
		4391B9CA1A482C39008B89C6 /* util.h */ = {isa = PBXFileReference; fileEncoding = 4; lastKnownFileType = sourcecode.c.h; name = util.h; path = ../../rrrr/util.h; sourceTree = "<group>"; };
		C65276471A47C68C008E437C /* MareyView.h */ = {isa = PBXFileReference; lastKnownFileType = sourcecode.c.h; path = MareyView.h; sourceTree = "<group>"; };
		C65276481A47C698008E437C /* MareyView.m */ = {isa = PBXFileReference; fileEncoding = 4; lastKnownFileType = sourcecode.c.objc; path = MareyView.m; sourceTree = "<group>"; };
		C652764A1A47C72B008E437C /* fontstash.c */ = {isa = PBXFileReference; fileEncoding = 4; lastKnownFileType = sourcecode.c.c; path = fontstash.c; sourceTree = "<group>"; };
		C652764C1A47C734008E437C /* fontstash.h */ = {isa = PBXFileReference; lastKnownFileType = sourcecode.c.h; path = fontstash.h; sourceTree = "<group>"; };
		C652764D1A47C742008E437C /* stb_truetype.c */ = {isa = PBXFileReference; fileEncoding = 4; lastKnownFileType = sourcecode.c.c; path = stb_truetype.c; sourceTree = "<group>"; };
		C652764F1A47C74D008E437C /* stb_truetype.h */ = {isa = PBXFileReference; lastKnownFileType = sourcecode.c.h; path = stb_truetype.h; sourceTree = "<group>"; };
		C65276501A47C7D5008E437C /* DroidSerif-Regular.ttf */ = {isa = PBXFileReference; lastKnownFileType = file; path = "DroidSerif-Regular.ttf"; sourceTree = "<group>"; };
		C67D30581A4A4C4100B43229 /* OVVehicleJourney.h */ = {isa = PBXFileReference; lastKnownFileType = sourcecode.c.h; name = OVVehicleJourney.h; path = ../../rrrr_cocoa_wrapper/OVVehicleJourney.h; sourceTree = "<group>"; };
		C67D30591A4A4C4A00B43229 /* OVVehicleJourney.m */ = {isa = PBXFileReference; fileEncoding = 4; lastKnownFileType = sourcecode.c.objc; name = OVVehicleJourney.m; path = ../../rrrr_cocoa_wrapper/OVVehicleJourney.m; sourceTree = "<group>"; };
/* End PBXFileReference section */

/* Begin PBXFrameworksBuildPhase section */
		4367A1221A470C6100E8E439 /* Frameworks */ = {
			isa = PBXFrameworksBuildPhase;
			buildActionMask = 2147483647;
			files = (
			);
			runOnlyForDeploymentPostprocessing = 0;
		};
		4367A1381A470C6200E8E439 /* Frameworks */ = {
			isa = PBXFrameworksBuildPhase;
			buildActionMask = 2147483647;
			files = (
			);
			runOnlyForDeploymentPostprocessing = 0;
		};
/* End PBXFrameworksBuildPhase section */

/* Begin PBXGroup section */
		4367A11C1A470C6100E8E439 = {
			isa = PBXGroup;
			children = (
				4367A1271A470C6100E8E439 /* TimetableBrowser */,
				4367A13E1A470C6200E8E439 /* TimetableBrowserTests */,
				4367A1261A470C6100E8E439 /* Products */,
			);
			sourceTree = "<group>";
		};
		4367A1261A470C6100E8E439 /* Products */ = {
			isa = PBXGroup;
			children = (
				4367A1251A470C6100E8E439 /* TimetableBrowser.app */,
				4367A13B1A470C6200E8E439 /* TimetableBrowserTests.xctest */,
			);
			name = Products;
			sourceTree = "<group>";
		};
		4367A1271A470C6100E8E439 /* TimetableBrowser */ = {
			isa = PBXGroup;
			children = (
				4367A12A1A470C6100E8E439 /* AppDelegate.h */,
				4367A12B1A470C6100E8E439 /* AppDelegate.m */,
				4367A12F1A470C6100E8E439 /* ViewController.h */,
				4367A1301A470C6100E8E439 /* ViewController.m */,
				43021D441A471D4C006D5EC3 /* JourneyViewController.h */,
				43021D451A471D4C006D5EC3 /* JourneyViewController.m */,
				C65276471A47C68C008E437C /* MareyView.h */,
				C65276481A47C698008E437C /* MareyView.m */,
				4367A1321A470C6100E8E439 /* Images.xcassets */,
				4367A1341A470C6200E8E439 /* Main.storyboard */,
				4391B9BC1A482BBB008B89C6 /* rrrr */,
				4367A14C1A47128F00E8E439 /* rrrr_cocoa_wrapper */,
				4367A14D1A47129E00E8E439 /* timetable */,
				4367A1281A470C6100E8E439 /* Supporting Files */,
			);
			path = TimetableBrowser;
			sourceTree = "<group>";
		};
		4367A1281A470C6100E8E439 /* Supporting Files */ = {
			isa = PBXGroup;
			children = (
				C652764C1A47C734008E437C /* fontstash.h */,
				C652764A1A47C72B008E437C /* fontstash.c */,
				C652764F1A47C74D008E437C /* stb_truetype.h */,
				C652764D1A47C742008E437C /* stb_truetype.c */,
				C65276501A47C7D5008E437C /* DroidSerif-Regular.ttf */,
				4367A1291A470C6100E8E439 /* Info.plist */,
				4367A12D1A470C6100E8E439 /* main.m */,
			);
			name = "Supporting Files";
			sourceTree = "<group>";
		};
		4367A13E1A470C6200E8E439 /* TimetableBrowserTests */ = {
			isa = PBXGroup;
			children = (
				4367A1411A470C6200E8E439 /* TimetableBrowserTests.m */,
				4367A13F1A470C6200E8E439 /* Supporting Files */,
			);
			path = TimetableBrowserTests;
			sourceTree = "<group>";
		};
		4367A13F1A470C6200E8E439 /* Supporting Files */ = {
			isa = PBXGroup;
			children = (
				4367A1401A470C6200E8E439 /* Info.plist */,
			);
			name = "Supporting Files";
			sourceTree = "<group>";
		};
		4367A14C1A47128F00E8E439 /* rrrr_cocoa_wrapper */ = {
			isa = PBXGroup;
			children = (
				43021D491A471D60006D5EC3 /* OVDataController.h */,
				43021D4A1A471D60006D5EC3 /* OVDataController.m */,
				43021D4D1A471D60006D5EC3 /* OVObject.h */,
				43021D4E1A471D60006D5EC3 /* OVObject.m */,
				43021D471A471D60006D5EC3 /* OVAgency.h */,
				43021D481A471D60006D5EC3 /* OVAgency.m */,
				43021D4B1A471D60006D5EC3 /* OVJourneyPattern.h */,
				43021D4C1A471D60006D5EC3 /* OVJourneyPattern.m */,
				43021D4F1A471D60006D5EC3 /* OVStop.h */,
				43021D501A471D60006D5EC3 /* OVStop.m */,
				43021D511A471D60006D5EC3 /* OVStopAct.h */,
				43021D521A471D60006D5EC3 /* OVStopAct.m */,
				43021D531A471D60006D5EC3 /* OVTransfer.h */,
				43021D541A471D60006D5EC3 /* OVTransfer.m */,
				C67D30581A4A4C4100B43229 /* OVVehicleJourney.h */,
				C67D30591A4A4C4A00B43229 /* OVVehicleJourney.m */,
			);
			name = rrrr_cocoa_wrapper;
			sourceTree = "<group>";
		};
		4367A14D1A47129E00E8E439 /* timetable */ = {
			isa = PBXGroup;
			children = (
				43021D5F1A471E1A006D5EC3 /* timetable.dat */,
			);
			name = timetable;
			sourceTree = "<group>";
		};
		4391B9BC1A482BBB008B89C6 /* rrrr */ = {
			isa = PBXGroup;
			children = (
				4391B9BE1A482C39008B89C6 /* bitset.h */,
				4391B9BD1A482C39008B89C6 /* bitset.c */,
				4391B9BF1A482C39008B89C6 /* config.h */,
				4391B9C11A482C39008B89C6 /* geometry.h */,
				4391B9C01A482C39008B89C6 /* geometry.c */,
				4391B9C31A482C39008B89C6 /* hashgrid.h */,
				4391B9C21A482C39008B89C6 /* hashgrid.c */,
				4357AAC81A484608009D47F7 /* router_request.h */,
				4357AAC71A484608009D47F7 /* router_request.c */,
				4357AACA1A484608009D47F7 /* router_result.h */,
				4357AAC91A484608009D47F7 /* router_result.c */,
				4391B9C51A482C39008B89C6 /* router.h */,
				4391B9C41A482C39008B89C6 /* router.c */,
				4357AAC41A48397C009D47F7 /* tdata_io_v3_mmap.c */,
				4357AAC51A48397C009D47F7 /* tdata_io_v3.h */,
				4391B9C81A482C39008B89C6 /* tdata.h */,
				4391B9C71A482C39008B89C6 /* tdata.c */,
				4391B9CA1A482C39008B89C6 /* util.h */,
				4391B9C91A482C39008B89C6 /* util.c */,
			);
			name = rrrr;
			sourceTree = "<group>";
		};
/* End PBXGroup section */

/* Begin PBXNativeTarget section */
		4367A1241A470C6100E8E439 /* TimetableBrowser */ = {
			isa = PBXNativeTarget;
			buildConfigurationList = 4367A1451A470C6200E8E439 /* Build configuration list for PBXNativeTarget "TimetableBrowser" */;
			buildPhases = (
				4367A1211A470C6100E8E439 /* Sources */,
				4367A1221A470C6100E8E439 /* Frameworks */,
				4367A1231A470C6100E8E439 /* Resources */,
			);
			buildRules = (
			);
			dependencies = (
			);
			name = TimetableBrowser;
			productName = TimetableBrowser;
			productReference = 4367A1251A470C6100E8E439 /* TimetableBrowser.app */;
			productType = "com.apple.product-type.application";
		};
		4367A13A1A470C6200E8E439 /* TimetableBrowserTests */ = {
			isa = PBXNativeTarget;
			buildConfigurationList = 4367A1481A470C6200E8E439 /* Build configuration list for PBXNativeTarget "TimetableBrowserTests" */;
			buildPhases = (
				4367A1371A470C6200E8E439 /* Sources */,
				4367A1381A470C6200E8E439 /* Frameworks */,
				4367A1391A470C6200E8E439 /* Resources */,
			);
			buildRules = (
			);
			dependencies = (
				4367A13D1A470C6200E8E439 /* PBXTargetDependency */,
			);
			name = TimetableBrowserTests;
			productName = TimetableBrowserTests;
			productReference = 4367A13B1A470C6200E8E439 /* TimetableBrowserTests.xctest */;
			productType = "com.apple.product-type.bundle.unit-test";
		};
/* End PBXNativeTarget section */

/* Begin PBXProject section */
		4367A11D1A470C6100E8E439 /* Project object */ = {
			isa = PBXProject;
			attributes = {
				LastUpgradeCheck = 0610;
				ORGANIZATIONNAME = "First Flamingo Enterprise B.V.";
				TargetAttributes = {
					4367A1241A470C6100E8E439 = {
						CreatedOnToolsVersion = 6.1.1;
					};
					4367A13A1A470C6200E8E439 = {
						CreatedOnToolsVersion = 6.1.1;
						TestTargetID = 4367A1241A470C6100E8E439;
					};
				};
			};
			buildConfigurationList = 4367A1201A470C6100E8E439 /* Build configuration list for PBXProject "TimetableBrowser" */;
			compatibilityVersion = "Xcode 3.2";
			developmentRegion = English;
			hasScannedForEncodings = 0;
			knownRegions = (
				en,
				Base,
			);
			mainGroup = 4367A11C1A470C6100E8E439;
			productRefGroup = 4367A1261A470C6100E8E439 /* Products */;
			projectDirPath = "";
			projectRoot = "";
			targets = (
				4367A1241A470C6100E8E439 /* TimetableBrowser */,
				4367A13A1A470C6200E8E439 /* TimetableBrowserTests */,
			);
		};
/* End PBXProject section */

/* Begin PBXResourcesBuildPhase section */
		4367A1231A470C6100E8E439 /* Resources */ = {
			isa = PBXResourcesBuildPhase;
			buildActionMask = 2147483647;
			files = (
				C65276511A47C7FD008E437C /* DroidSerif-Regular.ttf in Resources */,
				4367A1331A470C6100E8E439 /* Images.xcassets in Resources */,
				4367A1361A470C6200E8E439 /* Main.storyboard in Resources */,
				43021D601A471E1A006D5EC3 /* timetable.dat in Resources */,
			);
			runOnlyForDeploymentPostprocessing = 0;
		};
		4367A1391A470C6200E8E439 /* Resources */ = {
			isa = PBXResourcesBuildPhase;
			buildActionMask = 2147483647;
			files = (
			);
			runOnlyForDeploymentPostprocessing = 0;
		};
/* End PBXResourcesBuildPhase section */

/* Begin PBXSourcesBuildPhase section */
		4367A1211A470C6100E8E439 /* Sources */ = {
			isa = PBXSourcesBuildPhase;
			buildActionMask = 2147483647;
			files = (
				43021D5A1A471D60006D5EC3 /* OVObject.m in Sources */,
				4357AACB1A484608009D47F7 /* router_request.c in Sources */,
				4391B9CE1A482C39008B89C6 /* router.c in Sources */,
				4391B9CF1A482C39008B89C6 /* tdata.c in Sources */,
				4391B9D01A482C39008B89C6 /* util.c in Sources */,
				43021D591A471D60006D5EC3 /* OVJourneyPattern.m in Sources */,
				4391B9CC1A482C39008B89C6 /* geometry.c in Sources */,
				4357AACC1A484608009D47F7 /* router_result.c in Sources */,
				4357AAC61A48397C009D47F7 /* tdata_io_v3_mmap.c in Sources */,
				4367A1311A470C6100E8E439 /* ViewController.m in Sources */,
				43021D5D1A471D60006D5EC3 /* OVTransfer.m in Sources */,
				4391B9CB1A482C39008B89C6 /* bitset.c in Sources */,
				C652764B1A47C72B008E437C /* fontstash.c in Sources */,
				43021D581A471D60006D5EC3 /* OVDataController.m in Sources */,
				4391B9CD1A482C39008B89C6 /* hashgrid.c in Sources */,
				4367A12E1A470C6100E8E439 /* main.m in Sources */,
				4367A12C1A470C6100E8E439 /* AppDelegate.m in Sources */,
				43021D5B1A471D60006D5EC3 /* OVStop.m in Sources */,
				43021D5C1A471D60006D5EC3 /* OVStopAct.m in Sources */,
				43021D571A471D60006D5EC3 /* OVAgency.m in Sources */,
				43021D461A471D4C006D5EC3 /* JourneyViewController.m in Sources */,
				C65276491A47C698008E437C /* MareyView.m in Sources */,
				C67D305A1A4A4C4A00B43229 /* OVVehicleJourney.m in Sources */,
				C652764E1A47C742008E437C /* stb_truetype.c in Sources */,
			);
			runOnlyForDeploymentPostprocessing = 0;
		};
		4367A1371A470C6200E8E439 /* Sources */ = {
			isa = PBXSourcesBuildPhase;
			buildActionMask = 2147483647;
			files = (
				4367A1421A470C6200E8E439 /* TimetableBrowserTests.m in Sources */,
			);
			runOnlyForDeploymentPostprocessing = 0;
		};
/* End PBXSourcesBuildPhase section */

/* Begin PBXTargetDependency section */
		4367A13D1A470C6200E8E439 /* PBXTargetDependency */ = {
			isa = PBXTargetDependency;
			target = 4367A1241A470C6100E8E439 /* TimetableBrowser */;
			targetProxy = 4367A13C1A470C6200E8E439 /* PBXContainerItemProxy */;
		};
/* End PBXTargetDependency section */

/* Begin PBXVariantGroup section */
		4367A1341A470C6200E8E439 /* Main.storyboard */ = {
			isa = PBXVariantGroup;
			children = (
				4367A1351A470C6200E8E439 /* Base */,
			);
			name = Main.storyboard;
			sourceTree = "<group>";
		};
/* End PBXVariantGroup section */

/* Begin XCBuildConfiguration section */
		4367A1431A470C6200E8E439 /* Debug */ = {
			isa = XCBuildConfiguration;
			buildSettings = {
				ALWAYS_SEARCH_USER_PATHS = NO;
				CLANG_CXX_LANGUAGE_STANDARD = "gnu++0x";
				CLANG_CXX_LIBRARY = "libc++";
				CLANG_ENABLE_MODULES = YES;
				CLANG_ENABLE_OBJC_ARC = YES;
				CLANG_WARN_BOOL_CONVERSION = YES;
				CLANG_WARN_CONSTANT_CONVERSION = YES;
				CLANG_WARN_DIRECT_OBJC_ISA_USAGE = YES_ERROR;
				CLANG_WARN_EMPTY_BODY = YES;
				CLANG_WARN_ENUM_CONVERSION = YES;
				CLANG_WARN_INT_CONVERSION = YES;
				CLANG_WARN_OBJC_ROOT_CLASS = YES_ERROR;
				CLANG_WARN_UNREACHABLE_CODE = YES;
				CLANG_WARN__DUPLICATE_METHOD_MATCH = YES;
				CODE_SIGN_IDENTITY = "-";
				COPY_PHASE_STRIP = NO;
				ENABLE_STRICT_OBJC_MSGSEND = YES;
				GCC_C_LANGUAGE_STANDARD = gnu99;
				GCC_DYNAMIC_NO_PIC = NO;
				GCC_OPTIMIZATION_LEVEL = 0;
				GCC_PREPROCESSOR_DEFINITIONS = (
					"DEBUG=1",
					"$(inherited)",
				);
				GCC_SYMBOLS_PRIVATE_EXTERN = NO;
				GCC_WARN_64_TO_32_BIT_CONVERSION = YES;
				GCC_WARN_ABOUT_RETURN_TYPE = YES_ERROR;
				GCC_WARN_UNDECLARED_SELECTOR = YES;
				GCC_WARN_UNINITIALIZED_AUTOS = YES_AGGRESSIVE;
				GCC_WARN_UNUSED_FUNCTION = YES;
				GCC_WARN_UNUSED_VARIABLE = YES;
				MACOSX_DEPLOYMENT_TARGET = 10.10;
				MTL_ENABLE_DEBUG_INFO = YES;
				ONLY_ACTIVE_ARCH = YES;
				SDKROOT = macosx;
			};
			name = Debug;
		};
		4367A1441A470C6200E8E439 /* Release */ = {
			isa = XCBuildConfiguration;
			buildSettings = {
				ALWAYS_SEARCH_USER_PATHS = NO;
				CLANG_CXX_LANGUAGE_STANDARD = "gnu++0x";
				CLANG_CXX_LIBRARY = "libc++";
				CLANG_ENABLE_MODULES = YES;
				CLANG_ENABLE_OBJC_ARC = YES;
				CLANG_WARN_BOOL_CONVERSION = YES;
				CLANG_WARN_CONSTANT_CONVERSION = YES;
				CLANG_WARN_DIRECT_OBJC_ISA_USAGE = YES_ERROR;
				CLANG_WARN_EMPTY_BODY = YES;
				CLANG_WARN_ENUM_CONVERSION = YES;
				CLANG_WARN_INT_CONVERSION = YES;
				CLANG_WARN_OBJC_ROOT_CLASS = YES_ERROR;
				CLANG_WARN_UNREACHABLE_CODE = YES;
				CLANG_WARN__DUPLICATE_METHOD_MATCH = YES;
				CODE_SIGN_IDENTITY = "-";
				COPY_PHASE_STRIP = YES;
				DEBUG_INFORMATION_FORMAT = "dwarf-with-dsym";
				ENABLE_NS_ASSERTIONS = NO;
				ENABLE_STRICT_OBJC_MSGSEND = YES;
				GCC_C_LANGUAGE_STANDARD = gnu99;
				GCC_WARN_64_TO_32_BIT_CONVERSION = YES;
				GCC_WARN_ABOUT_RETURN_TYPE = YES_ERROR;
				GCC_WARN_UNDECLARED_SELECTOR = YES;
				GCC_WARN_UNINITIALIZED_AUTOS = YES_AGGRESSIVE;
				GCC_WARN_UNUSED_FUNCTION = YES;
				GCC_WARN_UNUSED_VARIABLE = YES;
				MACOSX_DEPLOYMENT_TARGET = 10.10;
				MTL_ENABLE_DEBUG_INFO = NO;
				SDKROOT = macosx;
			};
			name = Release;
		};
		4367A1461A470C6200E8E439 /* Debug */ = {
			isa = XCBuildConfiguration;
			buildSettings = {
				ASSETCATALOG_COMPILER_APPICON_NAME = AppIcon;
				COMBINE_HIDPI_IMAGES = YES;
				INFOPLIST_FILE = TimetableBrowser/Info.plist;
				LD_RUNPATH_SEARCH_PATHS = "$(inherited) @executable_path/../Frameworks";
				PRODUCT_NAME = "$(TARGET_NAME)";
			};
			name = Debug;
		};
		4367A1471A470C6200E8E439 /* Release */ = {
			isa = XCBuildConfiguration;
			buildSettings = {
				ASSETCATALOG_COMPILER_APPICON_NAME = AppIcon;
				COMBINE_HIDPI_IMAGES = YES;
				INFOPLIST_FILE = TimetableBrowser/Info.plist;
				LD_RUNPATH_SEARCH_PATHS = "$(inherited) @executable_path/../Frameworks";
				PRODUCT_NAME = "$(TARGET_NAME)";
			};
			name = Release;
		};
		4367A1491A470C6200E8E439 /* Debug */ = {
			isa = XCBuildConfiguration;
			buildSettings = {
				BUNDLE_LOADER = "$(TEST_HOST)";
				COMBINE_HIDPI_IMAGES = YES;
				FRAMEWORK_SEARCH_PATHS = (
					"$(DEVELOPER_FRAMEWORKS_DIR)",
					"$(inherited)",
				);
				GCC_PREPROCESSOR_DEFINITIONS = (
					"DEBUG=1",
					"$(inherited)",
				);
				INFOPLIST_FILE = TimetableBrowserTests/Info.plist;
				LD_RUNPATH_SEARCH_PATHS = "$(inherited) @executable_path/../Frameworks @loader_path/../Frameworks";
				PRODUCT_NAME = "$(TARGET_NAME)";
				TEST_HOST = "$(BUILT_PRODUCTS_DIR)/TimetableBrowser.app/Contents/MacOS/TimetableBrowser";
			};
			name = Debug;
		};
		4367A14A1A470C6200E8E439 /* Release */ = {
			isa = XCBuildConfiguration;
			buildSettings = {
				BUNDLE_LOADER = "$(TEST_HOST)";
				COMBINE_HIDPI_IMAGES = YES;
				FRAMEWORK_SEARCH_PATHS = (
					"$(DEVELOPER_FRAMEWORKS_DIR)",
					"$(inherited)",
				);
				INFOPLIST_FILE = TimetableBrowserTests/Info.plist;
				LD_RUNPATH_SEARCH_PATHS = "$(inherited) @executable_path/../Frameworks @loader_path/../Frameworks";
				PRODUCT_NAME = "$(TARGET_NAME)";
				TEST_HOST = "$(BUILT_PRODUCTS_DIR)/TimetableBrowser.app/Contents/MacOS/TimetableBrowser";
			};
			name = Release;
		};
/* End XCBuildConfiguration section */

/* Begin XCConfigurationList section */
		4367A1201A470C6100E8E439 /* Build configuration list for PBXProject "TimetableBrowser" */ = {
			isa = XCConfigurationList;
			buildConfigurations = (
				4367A1431A470C6200E8E439 /* Debug */,
				4367A1441A470C6200E8E439 /* Release */,
			);
			defaultConfigurationIsVisible = 0;
			defaultConfigurationName = Release;
		};
		4367A1451A470C6200E8E439 /* Build configuration list for PBXNativeTarget "TimetableBrowser" */ = {
			isa = XCConfigurationList;
			buildConfigurations = (
				4367A1461A470C6200E8E439 /* Debug */,
				4367A1471A470C6200E8E439 /* Release */,
			);
			defaultConfigurationIsVisible = 0;
			defaultConfigurationName = Release;
		};
		4367A1481A470C6200E8E439 /* Build configuration list for PBXNativeTarget "TimetableBrowserTests" */ = {
			isa = XCConfigurationList;
			buildConfigurations = (
				4367A1491A470C6200E8E439 /* Debug */,
				4367A14A1A470C6200E8E439 /* Release */,
			);
			defaultConfigurationIsVisible = 0;
			defaultConfigurationName = Release;
		};
/* End XCConfigurationList section */
	};
	rootObject = 4367A11D1A470C6100E8E439 /* Project object */;
}
